
Microsoft Visual Studio Solution File, Format Version 12.00
# Visual Studio 15
VisualStudioVersion = 15.0.27428.2043
MinimumVisualStudioVersion = 10.0.40219.1
Project("{FAE04EC0-301F-11D3-BF4B-00C04F79EFBC}") = "key-verification", "key-verification\key-verification.csproj", "{E2ECE9C5-5640-4DB7-BA24-3665F35CC159}"
EndProject
Global
	GlobalSection(SolutionConfigurationPlatforms) = preSolution
		Debug|Any CPU = Debug|Any CPU
		Release|Any CPU = Release|Any CPU
	EndGlobalSection
	GlobalSection(ProjectConfigurationPlatforms) = postSolution
		{E2ECE9C5-5640-4DB7-BA24-3665F35CC159}.Debug|Any CPU.ActiveCfg = Debug|Any CPU
		{E2ECE9C5-5640-4DB7-BA24-3665F35CC159}.Debug|Any CPU.Build.0 = Debug|Any CPU
		{E2ECE9C5-5640-4DB7-BA24-3665F35CC159}.Release|Any CPU.ActiveCfg = Release|Any CPU
		{E2ECE9C5-5640-4DB7-BA24-3665F35CC159}.Release|Any CPU.Build.0 = Release|Any CPU
	EndGlobalSection
	GlobalSection(SolutionProperties) = preSolution
		HideSolutionNode = FALSE
	EndGlobalSection
	GlobalSection(ExtensibilityGlobals) = postSolution
		SolutionGuid = {8B1773F8-88B5-4013-9FE1-B0CE8824B634}
	EndGlobalSection
EndGlobal
