
Microsoft Visual Studio Solution File, Format Version 12.00
# Visual Studio 15
VisualStudioVersion = 15.0.27428.2043
MinimumVisualStudioVersion = 10.0.40219.1
Project("{FAE04EC0-301F-11D3-BF4B-00C04F79EFBC}") = "offline-verification", "offline-verification\offline-verification.csproj", "{5839C61A-B787-446D-ADA6-C7F57ADAF82F}"
EndProject
Global
	GlobalSection(SolutionConfigurationPlatforms) = preSolution
		Debug|Any CPU = Debug|Any CPU
		Release|Any CPU = Release|Any CPU
	EndGlobalSection
	GlobalSection(ProjectConfigurationPlatforms) = postSolution
		{5839C61A-B787-446D-ADA6-C7F57ADAF82F}.Debug|Any CPU.ActiveCfg = Debug|Any CPU
		{5839C61A-B787-446D-ADA6-C7F57ADAF82F}.Debug|Any CPU.Build.0 = Debug|Any CPU
		{5839C61A-B787-446D-ADA6-C7F57ADAF82F}.Release|Any CPU.ActiveCfg = Release|Any CPU
		{5839C61A-B787-446D-ADA6-C7F57ADAF82F}.Release|Any CPU.Build.0 = Release|Any CPU
	EndGlobalSection
	GlobalSection(SolutionProperties) = preSolution
		HideSolutionNode = FALSE
	EndGlobalSection
	GlobalSection(ExtensibilityGlobals) = postSolution
		SolutionGuid = {90B2CE46-E61A-46C2-9EDD-2FBF458318C3}
	EndGlobalSection
EndGlobal
