
Microsoft Visual Studio Solution File, Format Version 12.00
# Visual Studio Version 16
VisualStudioVersion = 16.0.29123.88
MinimumVisualStudioVersion = 10.0.40219.1
Project("{FAE04EC0-301F-11D3-BF4B-00C04F79EFBC}") = "retrieving-system-settings", "retrieving-system-settings.csproj", "{1720E080-E67D-413E-A0CF-BE42246AC80B}"
EndProject
Global
	GlobalSection(SolutionConfigurationPlatforms) = preSolution
		Debug|Any CPU = Debug|Any CPU
		Release|Any CPU = Release|Any CPU
	EndGlobalSection
	GlobalSection(ProjectConfigurationPlatforms) = postSolution
		{1720E080-E67D-413E-A0CF-BE42246AC80B}.Debug|Any CPU.ActiveCfg = Debug|Any CPU
		{1720E080-E67D-413E-A0CF-BE42246AC80B}.Debug|Any CPU.Build.0 = Debug|Any CPU
		{1720E080-E67D-413E-A0CF-BE42246AC80B}.Release|Any CPU.ActiveCfg = Release|Any CPU
		{1720E080-E67D-413E-A0CF-BE42246AC80B}.Release|Any CPU.Build.0 = Release|Any CPU
	EndGlobalSection
	GlobalSection(SolutionProperties) = preSolution
		HideSolutionNode = FALSE
	EndGlobalSection
	GlobalSection(ExtensibilityGlobals) = postSolution
		SolutionGuid = {B045145B-77DB-4D79-A067-76F31BE063A5}
	EndGlobalSection
EndGlobal
